
Microsoft Visual Studio Solution File, Format Version 12.00
# Visual Studio Version 17
VisualStudioVersion = 17.8.34330.188
MinimumVisualStudioVersion = 10.0.40219.1
Project("{FAE04EC0-301F-11D3-BF4B-00C04F79EFBC}") = "HRBMS", "HRBMS.csproj", "{3309D71A-10A5-4E8C-9B87-9878AFE46C78}"
EndProject
Global
	GlobalSection(SolutionConfigurationPlatforms) = preSolution
		Debug|Any CPU = Debug|Any CPU
		Release|Any CPU = Release|Any CPU
	EndGlobalSection
	GlobalSection(ProjectConfigurationPlatforms) = postSolution
		{3309D71A-10A5-4E8C-9B87-9878AFE46C78}.Debug|Any CPU.ActiveCfg = Debug|Any CPU
		{3309D71A-10A5-4E8C-9B87-9878AFE46C78}.Debug|Any CPU.Build.0 = Debug|Any CPU
		{3309D71A-10A5-4E8C-9B87-9878AFE46C78}.Release|Any CPU.ActiveCfg = Release|Any CPU
		{3309D71A-10A5-4E8C-9B87-9878AFE46C78}.Release|Any CPU.Build.0 = Release|Any CPU
	EndGlobalSection
	GlobalSection(SolutionProperties) = preSolution
		HideSolutionNode = FALSE
	EndGlobalSection
	GlobalSection(ExtensibilityGlobals) = postSolution
		SolutionGuid = {19ACBF37-DF9F-4014-80BB-7E26991AD66F}
	EndGlobalSection
EndGlobal
